
Microsoft Visual Studio Solution File, Format Version 12.00
# Visual Studio Version 16
VisualStudioVersion = 16.0.28803.202
MinimumVisualStudioVersion = 10.0.40219.1
Project("{2150E333-8FDC-42A3-9474-1A3956D46DE8}") = "Bus", "Bus", "{1C9901AB-AD79-4082-A4F2-A1BAF3D63CE7}"
EndProject
Project("{2150E333-8FDC-42A3-9474-1A3956D46DE8}") = "SleepController", "SleepController", "{17848959-D88D-4547-9C48-9686E21BD1BE}"
EndProject
Project("{FAE04EC0-301F-11D3-BF4B-00C04F79EFBC}") = "NetManager", "Bus\NetManager\NetManager.csproj", "{213DF3E8-8A30-4AD1-818B-47936F92D86F}"
EndProject
Project("{FAE04EC0-301F-11D3-BF4B-00C04F79EFBC}") = "NMServer", "Bus\NMServer\NMServer.csproj", "{47E1AF33-EAE0-4E3D-9908-219E0E8F266E}"
EndProject
Project("{FAE04EC0-301F-11D3-BF4B-00C04F79EFBC}") = "SleepController.Client", "SleepController\Client\SleepController.Client.csproj", "{70CE5648-624C-4216-B770-D07AA7813EB1}"
EndProject
Project("{9A19103F-16F7-4668-BE54-9A1E7A4F7556}") = "SleepController.Messages", "SleepController\Messages\SleepController.Messages.csproj", "{E128E3D0-F4DA-453B-85B2-3EB84C73953F}"
EndProject
Project("{9A19103F-16F7-4668-BE54-9A1E7A4F7556}") = "SleepController.Domain", "SleepController\Domain\SleepController.Domain.csproj", "{B6BBA69A-8A5D-4B0B-A516-5F5ED769DB68}"
EndProject
Project("{9A19103F-16F7-4668-BE54-9A1E7A4F7556}") = "SleepController.Domain.Test", "SleepController\Domain.Test\SleepController.Domain.Test.csproj", "{6954F51B-7226-4545-BD3A-CECC809A7626}"
EndProject
Global
	GlobalSection(SolutionConfigurationPlatforms) = preSolution
		Debug|Any CPU = Debug|Any CPU
		Debug|x64 = Debug|x64
		Debug|x86 = Debug|x86
		Release|Any CPU = Release|Any CPU
		Release|x64 = Release|x64
		Release|x86 = Release|x86
	EndGlobalSection
	GlobalSection(ProjectConfigurationPlatforms) = postSolution
		{213DF3E8-8A30-4AD1-818B-47936F92D86F}.Debug|Any CPU.ActiveCfg = Debug|Any CPU
		{213DF3E8-8A30-4AD1-818B-47936F92D86F}.Debug|Any CPU.Build.0 = Debug|Any CPU
		{213DF3E8-8A30-4AD1-818B-47936F92D86F}.Debug|x64.ActiveCfg = Debug|Any CPU
		{213DF3E8-8A30-4AD1-818B-47936F92D86F}.Debug|x64.Build.0 = Debug|Any CPU
		{213DF3E8-8A30-4AD1-818B-47936F92D86F}.Debug|x86.ActiveCfg = Debug|Any CPU
		{213DF3E8-8A30-4AD1-818B-47936F92D86F}.Debug|x86.Build.0 = Debug|Any CPU
		{213DF3E8-8A30-4AD1-818B-47936F92D86F}.Release|Any CPU.ActiveCfg = Release|Any CPU
		{213DF3E8-8A30-4AD1-818B-47936F92D86F}.Release|Any CPU.Build.0 = Release|Any CPU
		{213DF3E8-8A30-4AD1-818B-47936F92D86F}.Release|x64.ActiveCfg = Release|Any CPU
		{213DF3E8-8A30-4AD1-818B-47936F92D86F}.Release|x64.Build.0 = Release|Any CPU
		{213DF3E8-8A30-4AD1-818B-47936F92D86F}.Release|x86.ActiveCfg = Release|Any CPU
		{213DF3E8-8A30-4AD1-818B-47936F92D86F}.Release|x86.Build.0 = Release|Any CPU
		{47E1AF33-EAE0-4E3D-9908-219E0E8F266E}.Debug|Any CPU.ActiveCfg = Debug|x86
		{47E1AF33-EAE0-4E3D-9908-219E0E8F266E}.Debug|x64.ActiveCfg = Debug|x86
		{47E1AF33-EAE0-4E3D-9908-219E0E8F266E}.Debug|x86.ActiveCfg = Debug|x86
		{47E1AF33-EAE0-4E3D-9908-219E0E8F266E}.Debug|x86.Build.0 = Debug|x86
		{47E1AF33-EAE0-4E3D-9908-219E0E8F266E}.Release|Any CPU.ActiveCfg = Release|x86
		{47E1AF33-EAE0-4E3D-9908-219E0E8F266E}.Release|x64.ActiveCfg = Release|x86
		{47E1AF33-EAE0-4E3D-9908-219E0E8F266E}.Release|x86.ActiveCfg = Release|x86
		{47E1AF33-EAE0-4E3D-9908-219E0E8F266E}.Release|x86.Build.0 = Release|x86
		{70CE5648-624C-4216-B770-D07AA7813EB1}.Debug|Any CPU.ActiveCfg = Debug|Any CPU
		{70CE5648-624C-4216-B770-D07AA7813EB1}.Debug|Any CPU.Build.0 = Debug|Any CPU
		{70CE5648-624C-4216-B770-D07AA7813EB1}.Debug|x64.ActiveCfg = Debug|Any CPU
		{70CE5648-624C-4216-B770-D07AA7813EB1}.Debug|x64.Build.0 = Debug|Any CPU
		{70CE5648-624C-4216-B770-D07AA7813EB1}.Debug|x86.ActiveCfg = Debug|Any CPU
		{70CE5648-624C-4216-B770-D07AA7813EB1}.Debug|x86.Build.0 = Debug|Any CPU
		{70CE5648-624C-4216-B770-D07AA7813EB1}.Release|Any CPU.ActiveCfg = Release|Any CPU
		{70CE5648-624C-4216-B770-D07AA7813EB1}.Release|Any CPU.Build.0 = Release|Any CPU
		{70CE5648-624C-4216-B770-D07AA7813EB1}.Release|x64.ActiveCfg = Release|Any CPU
		{70CE5648-624C-4216-B770-D07AA7813EB1}.Release|x64.Build.0 = Release|Any CPU
		{70CE5648-624C-4216-B770-D07AA7813EB1}.Release|x86.ActiveCfg = Release|Any CPU
		{70CE5648-624C-4216-B770-D07AA7813EB1}.Release|x86.Build.0 = Release|Any CPU
		{E128E3D0-F4DA-453B-85B2-3EB84C73953F}.Debug|Any CPU.ActiveCfg = Debug|Any CPU
		{E128E3D0-F4DA-453B-85B2-3EB84C73953F}.Debug|Any CPU.Build.0 = Debug|Any CPU
		{E128E3D0-F4DA-453B-85B2-3EB84C73953F}.Debug|x64.ActiveCfg = Debug|Any CPU
		{E128E3D0-F4DA-453B-85B2-3EB84C73953F}.Debug|x64.Build.0 = Debug|Any CPU
		{E128E3D0-F4DA-453B-85B2-3EB84C73953F}.Debug|x86.ActiveCfg = Debug|Any CPU
		{E128E3D0-F4DA-453B-85B2-3EB84C73953F}.Debug|x86.Build.0 = Debug|Any CPU
		{E128E3D0-F4DA-453B-85B2-3EB84C73953F}.Release|Any CPU.ActiveCfg = Release|Any CPU
		{E128E3D0-F4DA-453B-85B2-3EB84C73953F}.Release|Any CPU.Build.0 = Release|Any CPU
		{E128E3D0-F4DA-453B-85B2-3EB84C73953F}.Release|x64.ActiveCfg = Release|Any CPU
		{E128E3D0-F4DA-453B-85B2-3EB84C73953F}.Release|x64.Build.0 = Release|Any CPU
		{E128E3D0-F4DA-453B-85B2-3EB84C73953F}.Release|x86.ActiveCfg = Release|Any CPU
		{E128E3D0-F4DA-453B-85B2-3EB84C73953F}.Release|x86.Build.0 = Release|Any CPU
		{B6BBA69A-8A5D-4B0B-A516-5F5ED769DB68}.Debug|Any CPU.ActiveCfg = Debug|Any CPU
		{B6BBA69A-8A5D-4B0B-A516-5F5ED769DB68}.Debug|Any CPU.Build.0 = Debug|Any CPU
		{B6BBA69A-8A5D-4B0B-A516-5F5ED769DB68}.Debug|x64.ActiveCfg = Debug|Any CPU
		{B6BBA69A-8A5D-4B0B-A516-5F5ED769DB68}.Debug|x64.Build.0 = Debug|Any CPU
		{B6BBA69A-8A5D-4B0B-A516-5F5ED769DB68}.Debug|x86.ActiveCfg = Debug|Any CPU
		{B6BBA69A-8A5D-4B0B-A516-5F5ED769DB68}.Debug|x86.Build.0 = Debug|Any CPU
		{B6BBA69A-8A5D-4B0B-A516-5F5ED769DB68}.Release|Any CPU.ActiveCfg = Release|Any CPU
		{B6BBA69A-8A5D-4B0B-A516-5F5ED769DB68}.Release|Any CPU.Build.0 = Release|Any CPU
		{B6BBA69A-8A5D-4B0B-A516-5F5ED769DB68}.Release|x64.ActiveCfg = Release|Any CPU
		{B6BBA69A-8A5D-4B0B-A516-5F5ED769DB68}.Release|x64.Build.0 = Release|Any CPU
		{B6BBA69A-8A5D-4B0B-A516-5F5ED769DB68}.Release|x86.ActiveCfg = Release|Any CPU
		{B6BBA69A-8A5D-4B0B-A516-5F5ED769DB68}.Release|x86.Build.0 = Release|Any CPU
		{6954F51B-7226-4545-BD3A-CECC809A7626}.Debug|Any CPU.ActiveCfg = Debug|Any CPU
		{6954F51B-7226-4545-BD3A-CECC809A7626}.Debug|Any CPU.Build.0 = Debug|Any CPU
		{6954F51B-7226-4545-BD3A-CECC809A7626}.Debug|x64.ActiveCfg = Debug|Any CPU
		{6954F51B-7226-4545-BD3A-CECC809A7626}.Debug|x64.Build.0 = Debug|Any CPU
		{6954F51B-7226-4545-BD3A-CECC809A7626}.Debug|x86.ActiveCfg = Debug|Any CPU
		{6954F51B-7226-4545-BD3A-CECC809A7626}.Debug|x86.Build.0 = Debug|Any CPU
		{6954F51B-7226-4545-BD3A-CECC809A7626}.Release|Any CPU.ActiveCfg = Release|Any CPU
		{6954F51B-7226-4545-BD3A-CECC809A7626}.Release|Any CPU.Build.0 = Release|Any CPU
		{6954F51B-7226-4545-BD3A-CECC809A7626}.Release|x64.ActiveCfg = Release|Any CPU
		{6954F51B-7226-4545-BD3A-CECC809A7626}.Release|x64.Build.0 = Release|Any CPU
		{6954F51B-7226-4545-BD3A-CECC809A7626}.Release|x86.ActiveCfg = Release|Any CPU
		{6954F51B-7226-4545-BD3A-CECC809A7626}.Release|x86.Build.0 = Release|Any CPU
	EndGlobalSection
	GlobalSection(SolutionProperties) = preSolution
		HideSolutionNode = FALSE
	EndGlobalSection
	GlobalSection(NestedProjects) = preSolution
		{213DF3E8-8A30-4AD1-818B-47936F92D86F} = {1C9901AB-AD79-4082-A4F2-A1BAF3D63CE7}
		{47E1AF33-EAE0-4E3D-9908-219E0E8F266E} = {1C9901AB-AD79-4082-A4F2-A1BAF3D63CE7}
		{70CE5648-624C-4216-B770-D07AA7813EB1} = {17848959-D88D-4547-9C48-9686E21BD1BE}
		{E128E3D0-F4DA-453B-85B2-3EB84C73953F} = {17848959-D88D-4547-9C48-9686E21BD1BE}
		{B6BBA69A-8A5D-4B0B-A516-5F5ED769DB68} = {17848959-D88D-4547-9C48-9686E21BD1BE}
		{6954F51B-7226-4545-BD3A-CECC809A7626} = {17848959-D88D-4547-9C48-9686E21BD1BE}
	EndGlobalSection
	GlobalSection(ExtensibilityGlobals) = postSolution
		SolutionGuid = {0B39A9FE-AF08-4472-9F4F-1F400F0FD9B9}
	EndGlobalSection
EndGlobal
